PODS:
  - AFNetworking (2.2.4):
    - AFNetworking/NSURLConnection
    - AFNetworking/NSURLSession
    - AFNetworking/Reachability
    - AFNetworking/Security
    - AFNetworking/Serialization
    - AFNetworking/UIKit
  - AFNetworking/NSURLConnection (2.2.4):
    - AFNetworking/Reachability
    - AFNetworking/Security
    - AFNetworking/Serialization
  - AFNetworking/NSURLSession (2.2.4):
    - AFNetworking/NSURLConnection
  - AFNetworking/Reachability (2.2.4)
  - AFNetworking/Security (2.2.4)
  - AFNetworking/Serialization (2.2.4)
  - AFNetworking/UIKit (2.2.4):
    - AFNetworking/NSURLConnection
    - AFNetworking/NSURLSession
  - AMWaveTransition (0.3)
  - Shimmer (1.0.1)

DEPENDENCIES:
  - AFNetworking
  - AMWaveTransition
  - Shimmer

SPEC CHECKSUMS:
  AFNetworking: ab63e259fe91eef4519b371ef0a4955af0e73e64
  AMWaveTransition: 270b861311986502563b41edb9923b22a73d8e13
  Shimmer: 35aa2a57b8fbc17f9e16706021665966fd93dbd1

COCOAPODS: 0.32.1
